
Microsoft Visual Studio Solution File, Format Version 12.00
# Visual Studio Version 17
VisualStudioVersion = 17.9.34714.143
MinimumVisualStudioVersion = 10.0.40219.1
Project("{FAE04EC0-301F-11D3-BF4B-00C04F79EFBC}") = "DatabaseMigration", "DatabaseMigration.csproj", "{D4FB499C-6A34-49B0-B7E2-030E1645007B}"
EndProject
Global
	GlobalSection(SolutionConfigurationPlatforms) = preSolution
		Debug|Any CPU = Debug|Any CPU
		Release|Any CPU = Release|Any CPU
	EndGlobalSection
	GlobalSection(ProjectConfigurationPlatforms) = postSolution
		{D4FB499C-6A34-49B0-B7E2-030E1645007B}.Debug|Any CPU.ActiveCfg = Debug|Any CPU
		{D4FB499C-6A34-49B0-B7E2-030E1645007B}.Debug|Any CPU.Build.0 = Debug|Any CPU
		{D4FB499C-6A34-49B0-B7E2-030E1645007B}.Release|Any CPU.ActiveCfg = Release|Any CPU
		{D4FB499C-6A34-49B0-B7E2-030E1645007B}.Release|Any CPU.Build.0 = Release|Any CPU
	EndGlobalSection
	GlobalSection(SolutionProperties) = preSolution
		HideSolutionNode = FALSE
	EndGlobalSection
	GlobalSection(ExtensibilityGlobals) = postSolution
		SolutionGuid = {3060D521-879F-4F2C-9C8B-943DAD1D6D11}
	EndGlobalSection
EndGlobal
